PODS:
  - GzipSwift (3.1.4)
  - HTTPIDL (0.9.8):
    - GzipSwift (= 3.1.4)

DEPENDENCIES:
  - HTTPIDL (from `~/git/HTTPIDL`)

EXTERNAL SOURCES:
  HTTPIDL:
    :path: ~/git/HTTPIDL

SPEC CHECKSUMS:
  GzipSwift: 11ddb2bf253b1cd7b60bb169da20f62ac4348769
  HTTPIDL: 72ed46609ed66bc991c005390397b5de1e084ff1

PODFILE CHECKSUM: cd7644fbb38af7c6e7694ec3eec6138ee8846314

COCOAPODS: 1.2.0
