PODS:
  - Alamofire (4.2.0)
  - GzipSwift (3.1.2)
  - HTTPIDL (0.4.2):
    - Alamofire
    - GzipSwift

DEPENDENCIES:
  - HTTPIDL (from `~/git/HTTPIDL`)

EXTERNAL SOURCES:
  HTTPIDL:
    :path: ~/git/HTTPIDL

SPEC CHECKSUMS:
  Alamofire: aa2e09d871c9160ac53c90e83c68064a94e3dfbe
  GzipSwift: 86700e6530b3aa5e782ed7107cde2deea6b16688
  HTTPIDL: 86edf717dd3ef9cd89288d9841d1209aaad2ed62

PODFILE CHECKSUM: cd7644fbb38af7c6e7694ec3eec6138ee8846314

COCOAPODS: 1.1.1
